// !$*UTF8*$!
{
	archiveVersion = 1;
	classes = {
	};
	objectVersion = 55;
	objects = {

/* Begin PBXBuildFile section */
		132A8D79276E0B220003B9EC /* AppDelegate.swift in Sources */ = {isa = PBXBuildFile; fileRef = 132A8D78276E0B220003B9EC /* AppDelegate.swift */; };
		132A8D7B276E0B220003B9EC /* SceneDelegate.swift in Sources */ = {isa = PBXBuildFile; fileRef = 132A8D7A276E0B220003B9EC /* SceneDelegate.swift */; };
		132A8D7D276E0B220003B9EC /* MainViewController.swift in Sources */ = {isa = PBXBuildFile; fileRef = 132A8D7C276E0B220003B9EC /* MainViewController.swift */; };
		132A8D80276E0B220003B9EC /* Main.storyboard in Resources */ = {isa = PBXBuildFile; fileRef = 132A8D7E276E0B220003B9EC /* Main.storyboard */; };
		132A8D82276E0B240003B9EC /* Assets.xcassets in Resources */ = {isa = PBXBuildFile; fileRef = 132A8D81276E0B240003B9EC /* Assets.xcassets */; };
		132A8D85276E0B240003B9EC /* LaunchScreen.storyboard in Resources */ = {isa = PBXBuildFile; fileRef = 132A8D83276E0B240003B9EC /* LaunchScreen.storyboard */; };
		132A8D95276E0DC80003B9EC /* IRANSansMobile_Bold.ttf in Resources */ = {isa = PBXBuildFile; fileRef = 132A8D8F276E0DC70003B9EC /* IRANSansMobile_Bold.ttf */; };
		132A8D96276E0DC80003B9EC /* IRANSansMobile_Medium.ttf in Resources */ = {isa = PBXBuildFile; fileRef = 132A8D90276E0DC70003B9EC /* IRANSansMobile_Medium.ttf */; };
		132A8D97276E0DC80003B9EC /* IRANSansMobile_UltraLight.ttf in Resources */ = {isa = PBXBuildFile; fileRef = 132A8D91276E0DC70003B9EC /* IRANSansMobile_UltraLight.ttf */; };
		132A8D98276E0DC80003B9EC /* IRANSansMobile.ttf in Resources */ = {isa = PBXBuildFile; fileRef = 132A8D92276E0DC70003B9EC /* IRANSansMobile.ttf */; };
		132A8D99276E0DC80003B9EC /* IRANSansMobile_Black.ttf in Resources */ = {isa = PBXBuildFile; fileRef = 132A8D93276E0DC70003B9EC /* IRANSansMobile_Black.ttf */; };
		132A8D9A276E0DC80003B9EC /* IRANSansMobile_Light.ttf in Resources */ = {isa = PBXBuildFile; fileRef = 132A8D94276E0DC70003B9EC /* IRANSansMobile_Light.ttf */; };
		132A8D9E276E0E610003B9EC /* BoxTableViewCell.xib in Resources */ = {isa = PBXBuildFile; fileRef = 132A8D9D276E0E610003B9EC /* BoxTableViewCell.xib */; };
		132A8DA1276E0F3A0003B9EC /* DropDownView.swift in Sources */ = {isa = PBXBuildFile; fileRef = 132A8DA0276E0F3A0003B9EC /* DropDownView.swift */; };
		132A8DA3276E0F560003B9EC /* BoxTableViewCell.swift in Sources */ = {isa = PBXBuildFile; fileRef = 132A8DA2276E0F560003B9EC /* BoxTableViewCell.swift */; };
		132A8DA5276E10130003B9EC /* DropDownView.xib in Resources */ = {isa = PBXBuildFile; fileRef = 132A8DA4276E10130003B9EC /* DropDownView.xib */; };
		132A8DA8276E16A60003B9EC /* BoxItemTableViewCell.xib in Resources */ = {isa = PBXBuildFile; fileRef = 132A8DA7276E16A60003B9EC /* BoxItemTableViewCell.xib */; };
		132A8DAA276E18AF0003B9EC /* BoxItemTableViewCell.swift in Sources */ = {isa = PBXBuildFile; fileRef = 132A8DA9276E18AF0003B9EC /* BoxItemTableViewCell.swift */; };
		132A8DAD276E21BD0003B9EC /* JBox.swift in Sources */ = {isa = PBXBuildFile; fileRef = 132A8DAC276E21BD0003B9EC /* JBox.swift */; };
		132A8DB4276E27020003B9EC /* JBoxItem.swift in Sources */ = {isa = PBXBuildFile; fileRef = 132A8DB3276E27020003B9EC /* JBoxItem.swift */; };
		132A8DB6276E2D880003B9EC /* JBoxes.swift in Sources */ = {isa = PBXBuildFile; fileRef = 132A8DB5276E2D880003B9EC /* JBoxes.swift */; };
		132A8DBA276E3A1E0003B9EC /* MainViewModel.swift in Sources */ = {isa = PBXBuildFile; fileRef = 132A8DB9276E3A1D0003B9EC /* MainViewModel.swift */; };
		13AF9EDF276F42FB005D1D75 /* BoxViewModel.swift in Sources */ = {isa = PBXBuildFile; fileRef = 13AF9EDE276F42FB005D1D75 /* BoxViewModel.swift */; };
		13AF9EE2276F4499005D1D75 /* String.swift in Sources */ = {isa = PBXBuildFile; fileRef = 13AF9EE1276F4499005D1D75 /* String.swift */; };
		13AF9EE4276F6411005D1D75 /* UITableViewCell.swift in Sources */ = {isa = PBXBuildFile; fileRef = 13AF9EE3276F6411005D1D75 /* UITableViewCell.swift */; };
		13AF9EE8276F7174005D1D75 /* SizeConstants.swift in Sources */ = {isa = PBXBuildFile; fileRef = 13AF9EE7276F7174005D1D75 /* SizeConstants.swift */; };
		13AF9EEC276F729D005D1D75 /* NewBoxTableViewCell.swift in Sources */ = {isa = PBXBuildFile; fileRef = 13AF9EEA276F729D005D1D75 /* NewBoxTableViewCell.swift */; };
		13AF9EED276F729D005D1D75 /* NewBoxTableViewCell.xib in Resources */ = {isa = PBXBuildFile; fileRef = 13AF9EEB276F729D005D1D75 /* NewBoxTableViewCell.xib */; };
		13C2A4BF276F323900C8FEDA /* StringConstants.swift in Sources */ = {isa = PBXBuildFile; fileRef = 13C2A4BE276F323900C8FEDA /* StringConstants.swift */; };
		B812D5436C700F85327358E5 /* Pods_T_Top.framework in Frameworks */ = {isa = PBXBuildFile; fileRef = BD1A953AE3F07CDE0E85AE36 /* Pods_T_Top.framework */; };
/* End PBXBuildFile section */

/* Begin PBXFileReference section */
		132A8D75276E0B220003B9EC /* T-Top.app */ = {isa = PBXFileReference; explicitFileType = wrapper.application; includeInIndex = 0; path = "T-Top.app"; sourceTree = BUILT_PRODUCTS_DIR; };
		132A8D78276E0B220003B9EC /* AppDelegate.swift */ = {isa = PBXFileReference; lastKnownFileType = sourcecode.swift; path = AppDelegate.swift; sourceTree = "<group>"; };
		132A8D7A276E0B220003B9EC /* SceneDelegate.swift */ = {isa = PBXFileReference; lastKnownFileType = sourcecode.swift; path = SceneDelegate.swift; sourceTree = "<group>"; };
		132A8D7C276E0B220003B9EC /* MainViewController.swift */ = {isa = PBXFileReference; lastKnownFileType = sourcecode.swift; path = MainViewController.swift; sourceTree = "<group>"; };
		132A8D7F276E0B220003B9EC /* Base */ = {isa = PBXFileReference; lastKnownFileType = file.storyboard; name = Base; path = Base.lproj/Main.storyboard; sourceTree = "<group>"; };
		132A8D81276E0B240003B9EC /* Assets.xcassets */ = {isa = PBXFileReference; lastKnownFileType = folder.assetcatalog; path = Assets.xcassets; sourceTree = "<group>"; };
		132A8D84276E0B240003B9EC /* Base */ = {isa = PBXFileReference; lastKnownFileType = file.storyboard; name = Base; path = Base.lproj/LaunchScreen.storyboard; sourceTree = "<group>"; };
		132A8D86276E0B240003B9EC /* Info.plist */ = {isa = PBXFileReference; lastKnownFileType = text.plist.xml; path = Info.plist; sourceTree = "<group>"; };
		132A8D8F276E0DC70003B9EC /* IRANSansMobile_Bold.ttf */ = {isa = PBXFileReference; lastKnownFileType = file; path = IRANSansMobile_Bold.ttf; sourceTree = "<group>"; };
		132A8D90276E0DC70003B9EC /* IRANSansMobile_Medium.ttf */ = {isa = PBXFileReference; lastKnownFileType = file; path = IRANSansMobile_Medium.ttf; sourceTree = "<group>"; };
		132A8D91276E0DC70003B9EC /* IRANSansMobile_UltraLight.ttf */ = {isa = PBXFileReference; lastKnownFileType = file; path = IRANSansMobile_UltraLight.ttf; sourceTree = "<group>"; };
		132A8D92276E0DC70003B9EC /* IRANSansMobile.ttf */ = {isa = PBXFileReference; lastKnownFileType = file; path = IRANSansMobile.ttf; sourceTree = "<group>"; };
		132A8D93276E0DC70003B9EC /* IRANSansMobile_Black.ttf */ = {isa = PBXFileReference; lastKnownFileType = file; path = IRANSansMobile_Black.ttf; sourceTree = "<group>"; };
		132A8D94276E0DC70003B9EC /* IRANSansMobile_Light.ttf */ = {isa = PBXFileReference; lastKnownFileType = file; path = IRANSansMobile_Light.ttf; sourceTree = "<group>"; };
		132A8D9D276E0E610003B9EC /* BoxTableViewCell.xib */ = {isa = PBXFileReference; lastKnownFileType = file.xib; path = BoxTableViewCell.xib; sourceTree = "<group>"; };
		132A8DA0276E0F3A0003B9EC /* DropDownView.swift */ = {isa = PBXFileReference; lastKnownFileType = sourcecode.swift; path = DropDownView.swift; sourceTree = "<group>"; };
		132A8DA2276E0F560003B9EC /* BoxTableViewCell.swift */ = {isa = PBXFileReference; lastKnownFileType = sourcecode.swift; path = BoxTableViewCell.swift; sourceTree = "<group>"; };
		132A8DA4276E10130003B9EC /* DropDownView.xib */ = {isa = PBXFileReference; lastKnownFileType = file.xib; path = DropDownView.xib; sourceTree = "<group>"; };
		132A8DA7276E16A60003B9EC /* BoxItemTableViewCell.xib */ = {isa = PBXFileReference; lastKnownFileType = file.xib; path = BoxItemTableViewCell.xib; sourceTree = "<group>"; };
		132A8DA9276E18AF0003B9EC /* BoxItemTableViewCell.swift */ = {isa = PBXFileReference; lastKnownFileType = sourcecode.swift; path = BoxItemTableViewCell.swift; sourceTree = "<group>"; };
		132A8DAC276E21BD0003B9EC /* JBox.swift */ = {isa = PBXFileReference; lastKnownFileType = sourcecode.swift; path = JBox.swift; sourceTree = "<group>"; };
		132A8DB3276E27020003B9EC /* JBoxItem.swift */ = {isa = PBXFileReference; lastKnownFileType = sourcecode.swift; path = JBoxItem.swift; sourceTree = "<group>"; };
		132A8DB5276E2D880003B9EC /* JBoxes.swift */ = {isa = PBXFileReference; lastKnownFileType = sourcecode.swift; path = JBoxes.swift; sourceTree = "<group>"; };
		132A8DB9276E3A1D0003B9EC /* MainViewModel.swift */ = {isa = PBXFileReference; lastKnownFileType = sourcecode.swift; path = MainViewModel.swift; sourceTree = "<group>"; };
		13AF9EDE276F42FB005D1D75 /* BoxViewModel.swift */ = {isa = PBXFileReference; lastKnownFileType = sourcecode.swift; path = BoxViewModel.swift; sourceTree = "<group>"; };
		13AF9EE1276F4499005D1D75 /* String.swift */ = {isa = PBXFileReference; lastKnownFileType = sourcecode.swift; path = String.swift; sourceTree = "<group>"; };
		13AF9EE3276F6411005D1D75 /* UITableViewCell.swift */ = {isa = PBXFileReference; lastKnownFileType = sourcecode.swift; path = UITableViewCell.swift; sourceTree = "<group>"; };
		13AF9EE7276F7174005D1D75 /* SizeConstants.swift */ = {isa = PBXFileReference; lastKnownFileType = sourcecode.swift; path = SizeConstants.swift; sourceTree = "<group>"; };
		13AF9EEA276F729D005D1D75 /* NewBoxTableViewCell.swift */ = {isa = PBXFileReference; lastKnownFileType = sourcecode.swift; path = NewBoxTableViewCell.swift; sourceTree = "<group>"; };
		13AF9EEB276F729D005D1D75 /* NewBoxTableViewCell.xib */ = {isa = PBXFileReference; lastKnownFileType = file.xib; path = NewBoxTableViewCell.xib; sourceTree = "<group>"; };
		13C2A4BE276F323900C8FEDA /* StringConstants.swift */ = {isa = PBXFileReference; lastKnownFileType = sourcecode.swift; path = StringConstants.swift; sourceTree = "<group>"; };
		B4882AC5AF1839AC7DF95E8A /* Pods-T-Top.release.xcconfig */ = {isa = PBXFileReference; includeInIndex = 1; lastKnownFileType = text.xcconfig; name = "Pods-T-Top.release.xcconfig"; path = "Target Support Files/Pods-T-Top/Pods-T-Top.release.xcconfig"; sourceTree = "<group>"; };
		BD1A953AE3F07CDE0E85AE36 /* Pods_T_Top.framework */ = {isa = PBXFileReference; explicitFileType = wrapper.framework; includeInIndex = 0; path = Pods_T_Top.framework; sourceTree = BUILT_PRODUCTS_DIR; };
		E036E4D397FE53E02E6D3FA4 /* Pods-T-Top.debug.xcconfig */ = {isa = PBXFileReference; includeInIndex = 1; lastKnownFileType = text.xcconfig; name = "Pods-T-Top.debug.xcconfig"; path = "Target Support Files/Pods-T-Top/Pods-T-Top.debug.xcconfig"; sourceTree = "<group>"; };
/* End PBXFileReference section */

/* Begin PBXFrameworksBuildPhase section */
		132A8D72276E0B220003B9EC /* Frameworks */ = {
			isa = PBXFrameworksBuildPhase;
			buildActionMask = 2147483647;
			files = (
				B812D5436C700F85327358E5 /* Pods_T_Top.framework in Frameworks */,
			);
			runOnlyForDeploymentPostprocessing = 0;
		};
/* End PBXFrameworksBuildPhase section */

/* Begin PBXGroup section */
		132A8D6C276E0B220003B9EC = {
			isa = PBXGroup;
			children = (
				132A8D77276E0B220003B9EC /* T-Top */,
				132A8DB7276E37AD0003B9EC /* Controllers */,
				132A8DAB276E21940003B9EC /* Model */,
				132A8D9B276E0E330003B9EC /* Views */,
				132A8D76276E0B220003B9EC /* Products */,
				132A8D8C276E0D380003B9EC /* Resources */,
				13AF9EE0276F4487005D1D75 /* Helpers */,
				DCDAE357FDA9D1B401C5625A /* Pods */,
				D9DBC28806F15D4713E887FB /* Frameworks */,
			);
			sourceTree = "<group>";
		};
		132A8D76276E0B220003B9EC /* Products */ = {
			isa = PBXGroup;
			children = (
				132A8D75276E0B220003B9EC /* T-Top.app */,
			);
			name = Products;
			sourceTree = "<group>";
		};
		132A8D77276E0B220003B9EC /* T-Top */ = {
			isa = PBXGroup;
			children = (
				13AF9EE5276F6417005D1D75 /* Tools */,
				132A8D78276E0B220003B9EC /* AppDelegate.swift */,
				132A8D7A276E0B220003B9EC /* SceneDelegate.swift */,
				132A8D7E276E0B220003B9EC /* Main.storyboard */,
				132A8D81276E0B240003B9EC /* Assets.xcassets */,
				132A8D83276E0B240003B9EC /* LaunchScreen.storyboard */,
				132A8D86276E0B240003B9EC /* Info.plist */,
			);
			path = "T-Top";
			sourceTree = "<group>";
		};
		132A8D8C276E0D380003B9EC /* Resources */ = {
			isa = PBXGroup;
			children = (
				13C2A4BD276F321500C8FEDA /* Constants */,
				132A8D8D276E0D430003B9EC /* Fonts */,
			);
			path = Resources;
			sourceTree = "<group>";
		};
		132A8D8D276E0D430003B9EC /* Fonts */ = {
			isa = PBXGroup;
			children = (
				132A8D93276E0DC70003B9EC /* IRANSansMobile_Black.ttf */,
				132A8D8F276E0DC70003B9EC /* IRANSansMobile_Bold.ttf */,
				132A8D94276E0DC70003B9EC /* IRANSansMobile_Light.ttf */,
				132A8D90276E0DC70003B9EC /* IRANSansMobile_Medium.ttf */,
				132A8D91276E0DC70003B9EC /* IRANSansMobile_UltraLight.ttf */,
				132A8D92276E0DC70003B9EC /* IRANSansMobile.ttf */,
			);
			path = Fonts;
			sourceTree = "<group>";
		};
		132A8D9B276E0E330003B9EC /* Views */ = {
			isa = PBXGroup;
			children = (
				13AF9EEE276F72A3005D1D75 /* NewBox */,
				132A8D9F276E0F170003B9EC /* DropDown */,
				132A8D9C276E0E410003B9EC /* Box */,
				132A8DA6276E16390003B9EC /* BoxItem */,
			);
			path = Views;
			sourceTree = "<group>";
		};
		132A8D9C276E0E410003B9EC /* Box */ = {
			isa = PBXGroup;
			children = (
				132A8D9D276E0E610003B9EC /* BoxTableViewCell.xib */,
				132A8DA2276E0F560003B9EC /* BoxTableViewCell.swift */,
				13AF9EDE276F42FB005D1D75 /* BoxViewModel.swift */,
			);
			path = Box;
			sourceTree = "<group>";
		};
		132A8D9F276E0F170003B9EC /* DropDown */ = {
			isa = PBXGroup;
			children = (
				132A8DA0276E0F3A0003B9EC /* DropDownView.swift */,
				132A8DA4276E10130003B9EC /* DropDownView.xib */,
			);
			path = DropDown;
			sourceTree = "<group>";
		};
		132A8DA6276E16390003B9EC /* BoxItem */ = {
			isa = PBXGroup;
			children = (
				132A8DA7276E16A60003B9EC /* BoxItemTableViewCell.xib */,
				132A8DA9276E18AF0003B9EC /* BoxItemTableViewCell.swift */,
			);
			path = BoxItem;
			sourceTree = "<group>";
		};
		132A8DAB276E21940003B9EC /* Model */ = {
			isa = PBXGroup;
			children = (
				132A8DAC276E21BD0003B9EC /* JBox.swift */,
				132A8DB3276E27020003B9EC /* JBoxItem.swift */,
				132A8DB5276E2D880003B9EC /* JBoxes.swift */,
			);
			path = Model;
			sourceTree = "<group>";
		};
		132A8DB7276E37AD0003B9EC /* Controllers */ = {
			isa = PBXGroup;
			children = (
				132A8DB8276E38BD0003B9EC /* Main */,
			);
			path = Controllers;
			sourceTree = "<group>";
		};
		132A8DB8276E38BD0003B9EC /* Main */ = {
			isa = PBXGroup;
			children = (
				132A8D7C276E0B220003B9EC /* MainViewController.swift */,
				132A8DB9276E3A1D0003B9EC /* MainViewModel.swift */,
			);
			path = Main;
			sourceTree = "<group>";
		};
		13AF9EE0276F4487005D1D75 /* Helpers */ = {
			isa = PBXGroup;
			children = (
				13AF9EE1276F4499005D1D75 /* String.swift */,
			);
			path = Helpers;
			sourceTree = "<group>";
		};
		13AF9EE5276F6417005D1D75 /* Tools */ = {
			isa = PBXGroup;
			children = (
				13AF9EE6276F641D005D1D75 /* Extensions */,
			);
			path = Tools;
			sourceTree = "<group>";
		};
		13AF9EE6276F641D005D1D75 /* Extensions */ = {
			isa = PBXGroup;
			children = (
				13AF9EE3276F6411005D1D75 /* UITableViewCell.swift */,
			);
			path = Extensions;
			sourceTree = "<group>";
		};
		13AF9EEE276F72A3005D1D75 /* NewBox */ = {
			isa = PBXGroup;
			children = (
				13AF9EEA276F729D005D1D75 /* NewBoxTableViewCell.swift */,
				13AF9EEB276F729D005D1D75 /* NewBoxTableViewCell.xib */,
			);
			path = NewBox;
			sourceTree = "<group>";
		};
		13C2A4BD276F321500C8FEDA /* Constants */ = {
			isa = PBXGroup;
			children = (
				13C2A4BE276F323900C8FEDA /* StringConstants.swift */,
				13AF9EE7276F7174005D1D75 /* SizeConstants.swift */,
			);
			path = Constants;
			sourceTree = "<group>";
		};
		D9DBC28806F15D4713E887FB /* Frameworks */ = {
			isa = PBXGroup;
			children = (
				BD1A953AE3F07CDE0E85AE36 /* Pods_T_Top.framework */,
			);
			name = Frameworks;
			sourceTree = "<group>";
		};
		DCDAE357FDA9D1B401C5625A /* Pods */ = {
			isa = PBXGroup;
			children = (
				E036E4D397FE53E02E6D3FA4 /* Pods-T-Top.debug.xcconfig */,
				B4882AC5AF1839AC7DF95E8A /* Pods-T-Top.release.xcconfig */,
			);
			path = Pods;
			sourceTree = "<group>";
		};
/* End PBXGroup section */

/* Begin PBXNativeTarget section */
		132A8D74276E0B220003B9EC /* T-Top */ = {
			isa = PBXNativeTarget;
			buildConfigurationList = 132A8D89276E0B240003B9EC /* Build configuration list for PBXNativeTarget "T-Top" */;
			buildPhases = (
				4F4E65D71177B1E6BCB8DC91 /* [CP] Check Pods Manifest.lock */,
				132A8D71276E0B220003B9EC /* Sources */,
				132A8D72276E0B220003B9EC /* Frameworks */,
				132A8D73276E0B220003B9EC /* Resources */,
				0E18052779852C403DB36A51 /* [CP] Embed Pods Frameworks */,
			);
			buildRules = (
			);
			dependencies = (
			);
			name = "T-Top";
			productName = "T-Top";
			productReference = 132A8D75276E0B220003B9EC /* T-Top.app */;
			productType = "com.apple.product-type.application";
		};
/* End PBXNativeTarget section */

/* Begin PBXProject section */
		132A8D6D276E0B220003B9EC /* Project object */ = {
			isa = PBXProject;
			attributes = {
				BuildIndependentTargetsInParallel = 1;
				LastSwiftUpdateCheck = 1320;
				LastUpgradeCheck = 1320;
				TargetAttributes = {
					132A8D74276E0B220003B9EC = {
						CreatedOnToolsVersion = 13.2;
					};
				};
			};
			buildConfigurationList = 132A8D70276E0B220003B9EC /* Build configuration list for PBXProject "T-Top" */;
			compatibilityVersion = "Xcode 13.0";
			developmentRegion = en;
			hasScannedForEncodings = 0;
			knownRegions = (
				en,
				Base,
			);
			mainGroup = 132A8D6C276E0B220003B9EC;
			productRefGroup = 132A8D76276E0B220003B9EC /* Products */;
			projectDirPath = "";
			projectRoot = "";
			targets = (
				132A8D74276E0B220003B9EC /* T-Top */,
			);
		};
/* End PBXProject section */

/* Begin PBXResourcesBuildPhase section */
		132A8D73276E0B220003B9EC /* Resources */ = {
			isa = PBXResourcesBuildPhase;
			buildActionMask = 2147483647;
			files = (
				13AF9EED276F729D005D1D75 /* NewBoxTableViewCell.xib in Resources */,
				132A8DA8276E16A60003B9EC /* BoxItemTableViewCell.xib in Resources */,
				132A8DA5276E10130003B9EC /* DropDownView.xib in Resources */,
				132A8D85276E0B240003B9EC /* LaunchScreen.storyboard in Resources */,
				132A8D98276E0DC80003B9EC /* IRANSansMobile.ttf in Resources */,
				132A8D82276E0B240003B9EC /* Assets.xcassets in Resources */,
				132A8D95276E0DC80003B9EC /* IRANSansMobile_Bold.ttf in Resources */,
				132A8D97276E0DC80003B9EC /* IRANSansMobile_UltraLight.ttf in Resources */,
				132A8D96276E0DC80003B9EC /* IRANSansMobile_Medium.ttf in Resources */,
				132A8D9A276E0DC80003B9EC /* IRANSansMobile_Light.ttf in Resources */,
				132A8D80276E0B220003B9EC /* Main.storyboard in Resources */,
				132A8D99276E0DC80003B9EC /* IRANSansMobile_Black.ttf in Resources */,
				132A8D9E276E0E610003B9EC /* BoxTableViewCell.xib in Resources */,
			);
			runOnlyForDeploymentPostprocessing = 0;
		};
/* End PBXResourcesBuildPhase section */

/* Begin PBXShellScriptBuildPhase section */
		0E18052779852C403DB36A51 /* [CP] Embed Pods Frameworks */ = {
			isa = PBXShellScriptBuildPhase;
			buildActionMask = 2147483647;
			files = (
			);
			inputFileListPaths = (
				"${PODS_ROOT}/Target Support Files/Pods-T-Top/Pods-T-Top-frameworks-${CONFIGURATION}-input-files.xcfilelist",
			);
			name = "[CP] Embed Pods Frameworks";
			outputFileListPaths = (
				"${PODS_ROOT}/Target Support Files/Pods-T-Top/Pods-T-Top-frameworks-${CONFIGURATION}-output-files.xcfilelist",
			);
			runOnlyForDeploymentPostprocessing = 0;
			shellPath = /bin/sh;
			shellScript = "\"${PODS_ROOT}/Target Support Files/Pods-T-Top/Pods-T-Top-frameworks.sh\"\n";
			showEnvVarsInLog = 0;
		};
		4F4E65D71177B1E6BCB8DC91 /* [CP] Check Pods Manifest.lock */ = {
			isa = PBXShellScriptBuildPhase;
			buildActionMask = 2147483647;
			files = (
			);
			inputFileListPaths = (
			);
			inputPaths = (
				"${PODS_PODFILE_DIR_PATH}/Podfile.lock",
				"${PODS_ROOT}/Manifest.lock",
			);
			name = "[CP] Check Pods Manifest.lock";
			outputFileListPaths = (
			);
			outputPaths = (
				"$(DERIVED_FILE_DIR)/Pods-T-Top-checkManifestLockResult.txt",
			);
			runOnlyForDeploymentPostprocessing = 0;
			shellPath = /bin/sh;
			shellScript = "diff \"${PODS_PODFILE_DIR_PATH}/Podfile.lock\" \"${PODS_ROOT}/Manifest.lock\" > /dev/null\nif [ $? != 0 ] ; then\n    # print error to STDERR\n    echo \"error: The sandbox is not in sync with the Podfile.lock. Run 'pod install' or update your CocoaPods installation.\" >&2\n    exit 1\nfi\n# This output is used by Xcode 'outputs' to avoid re-running this script phase.\necho \"SUCCESS\" > \"${SCRIPT_OUTPUT_FILE_0}\"\n";
			showEnvVarsInLog = 0;
		};
/* End PBXShellScriptBuildPhase section */

/* Begin PBXSourcesBuildPhase section */
		132A8D71276E0B220003B9EC /* Sources */ = {
			isa = PBXSourcesBuildPhase;
			buildActionMask = 2147483647;
			files = (
				132A8D7D276E0B220003B9EC /* MainViewController.swift in Sources */,
				13AF9EE2276F4499005D1D75 /* String.swift in Sources */,
				13C2A4BF276F323900C8FEDA /* StringConstants.swift in Sources */,
				132A8DB6276E2D880003B9EC /* JBoxes.swift in Sources */,
				132A8DA1276E0F3A0003B9EC /* DropDownView.swift in Sources */,
				13AF9EE4276F6411005D1D75 /* UITableViewCell.swift in Sources */,
				132A8DAD276E21BD0003B9EC /* JBox.swift in Sources */,
				132A8DB4276E27020003B9EC /* JBoxItem.swift in Sources */,
				13AF9EDF276F42FB005D1D75 /* BoxViewModel.swift in Sources */,
				132A8DBA276E3A1E0003B9EC /* MainViewModel.swift in Sources */,
				13AF9EEC276F729D005D1D75 /* NewBoxTableViewCell.swift in Sources */,
				132A8D79276E0B220003B9EC /* AppDelegate.swift in Sources */,
				13AF9EE8276F7174005D1D75 /* SizeConstants.swift in Sources */,
				132A8DA3276E0F560003B9EC /* BoxTableViewCell.swift in Sources */,
				132A8DAA276E18AF0003B9EC /* BoxItemTableViewCell.swift in Sources */,
				132A8D7B276E0B220003B9EC /* SceneDelegate.swift in Sources */,
			);
			runOnlyForDeploymentPostprocessing = 0;
		};
/* End PBXSourcesBuildPhase section */

/* Begin PBXVariantGroup section */
		132A8D7E276E0B220003B9EC /* Main.storyboard */ = {
			isa = PBXVariantGroup;
			children = (
				132A8D7F276E0B220003B9EC /* Base */,
			);
			name = Main.storyboard;
			sourceTree = "<group>";
		};
		132A8D83276E0B240003B9EC /* LaunchScreen.storyboard */ = {
			isa = PBXVariantGroup;
			children = (
				132A8D84276E0B240003B9EC /* Base */,
			);
			name = LaunchScreen.storyboard;
			sourceTree = "<group>";
		};
/* End PBXVariantGroup section */

/* Begin XCBuildConfiguration section */
		132A8D87276E0B240003B9EC /* Debug */ = {
			isa = XCBuildConfiguration;
			buildSettings = {
				ALWAYS_SEARCH_USER_PATHS = NO;
				CLANG_ANALYZER_NONNULL = YES;
				CLANG_ANALYZER_NUMBER_OBJECT_CONVERSION = YES_AGGRESSIVE;
				CLANG_CXX_LANGUAGE_STANDARD = "gnu++17";
				CLANG_CXX_LIBRARY = "libc++";
				CLANG_ENABLE_MODULES = YES;
				CLANG_ENABLE_OBJC_ARC = YES;
				CLANG_ENABLE_OBJC_WEAK = YES;
				CLANG_WARN_BLOCK_CAPTURE_AUTORELEASING = YES;
				CLANG_WARN_BOOL_CONVERSION = YES;
				CLANG_WARN_COMMA = YES;
				CLANG_WARN_CONSTANT_CONVERSION = YES;
				CLANG_WARN_DEPRECATED_OBJC_IMPLEMENTATIONS = YES;
				CLANG_WARN_DIRECT_OBJC_ISA_USAGE = YES_ERROR;
				CLANG_WARN_DOCUMENTATION_COMMENTS = YES;
				CLANG_WARN_EMPTY_BODY = YES;
				CLANG_WARN_ENUM_CONVERSION = YES;
				CLANG_WARN_INFINITE_RECURSION = YES;
				CLANG_WARN_INT_CONVERSION = YES;
				CLANG_WARN_NON_LITERAL_NULL_CONVERSION = YES;
				CLANG_WARN_OBJC_IMPLICIT_RETAIN_SELF = YES;
				CLANG_WARN_OBJC_LITERAL_CONVERSION = YES;
				CLANG_WARN_OBJC_ROOT_CLASS = YES_ERROR;
				CLANG_WARN_QUOTED_INCLUDE_IN_FRAMEWORK_HEADER = YES;
				CLANG_WARN_RANGE_LOOP_ANALYSIS = YES;
				CLANG_WARN_STRICT_PROTOTYPES = YES;
				CLANG_WARN_SUSPICIOUS_MOVE = YES;
				CLANG_WARN_UNGUARDED_AVAILABILITY = YES_AGGRESSIVE;
				CLANG_WARN_UNREACHABLE_CODE = YES;
				CLANG_WARN__DUPLICATE_METHOD_MATCH = YES;
				COPY_PHASE_STRIP = NO;
				DEBUG_INFORMATION_FORMAT = dwarf;
				ENABLE_STRICT_OBJC_MSGSEND = YES;
				ENABLE_TESTABILITY = YES;
				GCC_C_LANGUAGE_STANDARD = gnu11;
				GCC_DYNAMIC_NO_PIC = NO;
				GCC_NO_COMMON_BLOCKS = YES;
				GCC_OPTIMIZATION_LEVEL = 0;
				GCC_PREPROCESSOR_DEFINITIONS = (
					"DEBUG=1",
					"$(inherited)",
				);
				GCC_WARN_64_TO_32_BIT_CONVERSION = YES;
				GCC_WARN_ABOUT_RETURN_TYPE = YES_ERROR;
				GCC_WARN_UNDECLARED_SELECTOR = YES;
				GCC_WARN_UNINITIALIZED_AUTOS = YES_AGGRESSIVE;
				GCC_WARN_UNUSED_FUNCTION = YES;
				GCC_WARN_UNUSED_VARIABLE = YES;
				IPHONEOS_DEPLOYMENT_TARGET = 15.2;
				MTL_ENABLE_DEBUG_INFO = INCLUDE_SOURCE;
				MTL_FAST_MATH = YES;
				ONLY_ACTIVE_ARCH = YES;
				SDKROOT = iphoneos;
				SWIFT_ACTIVE_COMPILATION_CONDITIONS = DEBUG;
				SWIFT_OPTIMIZATION_LEVEL = "-Onone";
			};
			name = Debug;
		};
		132A8D88276E0B240003B9EC /* Release */ = {
			isa = XCBuildConfiguration;
			buildSettings = {
				ALWAYS_SEARCH_USER_PATHS = NO;
				CLANG_ANALYZER_NONNULL = YES;
				CLANG_ANALYZER_NUMBER_OBJECT_CONVERSION = YES_AGGRESSIVE;
				CLANG_CXX_LANGUAGE_STANDARD = "gnu++17";
				CLANG_CXX_LIBRARY = "libc++";
				CLANG_ENABLE_MODULES = YES;
				CLANG_ENABLE_OBJC_ARC = YES;
				CLANG_ENABLE_OBJC_WEAK = YES;
				CLANG_WARN_BLOCK_CAPTURE_AUTORELEASING = YES;
				CLANG_WARN_BOOL_CONVERSION = YES;
				CLANG_WARN_COMMA = YES;
				CLANG_WARN_CONSTANT_CONVERSION = YES;
				CLANG_WARN_DEPRECATED_OBJC_IMPLEMENTATIONS = YES;
				CLANG_WARN_DIRECT_OBJC_ISA_USAGE = YES_ERROR;
				CLANG_WARN_DOCUMENTATION_COMMENTS = YES;
				CLANG_WARN_EMPTY_BODY = YES;
				CLANG_WARN_ENUM_CONVERSION = YES;
				CLANG_WARN_INFINITE_RECURSION = YES;
				CLANG_WARN_INT_CONVERSION = YES;
				CLANG_WARN_NON_LITERAL_NULL_CONVERSION = YES;
				CLANG_WARN_OBJC_IMPLICIT_RETAIN_SELF = YES;
				CLANG_WARN_OBJC_LITERAL_CONVERSION = YES;
				CLANG_WARN_OBJC_ROOT_CLASS = YES_ERROR;
				CLANG_WARN_QUOTED_INCLUDE_IN_FRAMEWORK_HEADER = YES;
				CLANG_WARN_RANGE_LOOP_ANALYSIS = YES;
				CLANG_WARN_STRICT_PROTOTYPES = YES;
				CLANG_WARN_SUSPICIOUS_MOVE = YES;
				CLANG_WARN_UNGUARDED_AVAILABILITY = YES_AGGRESSIVE;
				CLANG_WARN_UNREACHABLE_CODE = YES;
				CLANG_WARN__DUPLICATE_METHOD_MATCH = YES;
				COPY_PHASE_STRIP = NO;
				DEBUG_INFORMATION_FORMAT = "dwarf-with-dsym";
				ENABLE_NS_ASSERTIONS = NO;
				ENABLE_STRICT_OBJC_MSGSEND = YES;
				GCC_C_LANGUAGE_STANDARD = gnu11;
				GCC_NO_COMMON_BLOCKS = YES;
				GCC_WARN_64_TO_32_BIT_CONVERSION = YES;
				GCC_WARN_ABOUT_RETURN_TYPE = YES_ERROR;
				GCC_WARN_UNDECLARED_SELECTOR = YES;
				GCC_WARN_UNINITIALIZED_AUTOS = YES_AGGRESSIVE;
				GCC_WARN_UNUSED_FUNCTION = YES;
				GCC_WARN_UNUSED_VARIABLE = YES;
				IPHONEOS_DEPLOYMENT_TARGET = 15.2;
				MTL_ENABLE_DEBUG_INFO = NO;
				MTL_FAST_MATH = YES;
				SDKROOT = iphoneos;
				SWIFT_COMPILATION_MODE = wholemodule;
				SWIFT_OPTIMIZATION_LEVEL = "-O";
				VALIDATE_PRODUCT = YES;
			};
			name = Release;
		};
		132A8D8A276E0B240003B9EC /* Debug */ = {
			isa = XCBuildConfiguration;
			baseConfigurationReference = E036E4D397FE53E02E6D3FA4 /* Pods-T-Top.debug.xcconfig */;
			buildSettings = {
				ASSETCATALOG_COMPILER_APPICON_NAME = AppIcon;
				ASSETCATALOG_COMPILER_GLOBAL_ACCENT_COLOR_NAME = AccentColor;
				CODE_SIGN_STYLE = Automatic;
				CURRENT_PROJECT_VERSION = 1;
				DEVELOPMENT_TEAM = T8D29U4J3F;
				GENERATE_INFOPLIST_FILE = YES;
				INFOPLIST_FILE = "T-Top/Info.plist";
				INFOPLIST_KEY_UIApplicationSupportsIndirectInputEvents = YES;
				INFOPLIST_KEY_UILaunchStoryboardName = LaunchScreen;
				INFOPLIST_KEY_UIMainStoryboardFile = Main;
				INFOPLIST_KEY_UISupportedInterfaceOrientations_iPad = "UIInterfaceOrientationPortrait UIInterfaceOrientationPortraitUpsideDown UIInterfaceOrientationLandscapeLeft UIInterfaceOrientationLandscapeRight";
				INFOPLIST_KEY_UISupportedInterfaceOrientations_iPhone = "UIInterfaceOrientationPortrait UIInterfaceOrientationLandscapeLeft UIInterfaceOrientationLandscapeRight";
				LD_RUNPATH_SEARCH_PATHS = (
					"$(inherited)",
					"@executable_path/Frameworks",
				);
				MARKETING_VERSION = 1.0;
				PRODUCT_BUNDLE_IDENTIFIER = "com.t.top.T-Top";
				PRODUCT_NAME = "$(TARGET_NAME)";
				SWIFT_EMIT_LOC_STRINGS = YES;
				SWIFT_VERSION = 5.0;
				TARGETED_DEVICE_FAMILY = "1,2";
			};
			name = Debug;
		};
		132A8D8B276E0B240003B9EC /* Release */ = {
			isa = XCBuildConfiguration;
			baseConfigurationReference = B4882AC5AF1839AC7DF95E8A /* Pods-T-Top.release.xcconfig */;
			buildSettings = {
				ASSETCATALOG_COMPILER_APPICON_NAME = AppIcon;
				ASSETCATALOG_COMPILER_GLOBAL_ACCENT_COLOR_NAME = AccentColor;
				CODE_SIGN_STYLE = Automatic;
				CURRENT_PROJECT_VERSION = 1;
				DEVELOPMENT_TEAM = T8D29U4J3F;
				GENERATE_INFOPLIST_FILE = YES;
				INFOPLIST_FILE = "T-Top/Info.plist";
				INFOPLIST_KEY_UIApplicationSupportsIndirectInputEvents = YES;
				INFOPLIST_KEY_UILaunchStoryboardName = LaunchScreen;
				INFOPLIST_KEY_UIMainStoryboardFile = Main;
				INFOPLIST_KEY_UISupportedInterfaceOrientations_iPad = "UIInterfaceOrientationPortrait UIInterfaceOrientationPortraitUpsideDown UIInterfaceOrientationLandscapeLeft UIInterfaceOrientationLandscapeRight";
				INFOPLIST_KEY_UISupportedInterfaceOrientations_iPhone = "UIInterfaceOrientationPortrait UIInterfaceOrientationLandscapeLeft UIInterfaceOrientationLandscapeRight";
				LD_RUNPATH_SEARCH_PATHS = (
					"$(inherited)",
					"@executable_path/Frameworks",
				);
				MARKETING_VERSION = 1.0;
				PRODUCT_BUNDLE_IDENTIFIER = "com.t.top.T-Top";
				PRODUCT_NAME = "$(TARGET_NAME)";
				SWIFT_EMIT_LOC_STRINGS = YES;
				SWIFT_VERSION = 5.0;
				TARGETED_DEVICE_FAMILY = "1,2";
			};
			name = Release;
		};
/* End XCBuildConfiguration section */

/* Begin XCConfigurationList section */
		132A8D70276E0B220003B9EC /* Build configuration list for PBXProject "T-Top" */ = {
			isa = XCConfigurationList;
			buildConfigurations = (
				132A8D87276E0B240003B9EC /* Debug */,
				132A8D88276E0B240003B9EC /* Release */,
			);
			defaultConfigurationIsVisible = 0;
			defaultConfigurationName = Release;
		};
		132A8D89276E0B240003B9EC /* Build configuration list for PBXNativeTarget "T-Top" */ = {
			isa = XCConfigurationList;
			buildConfigurations = (
				132A8D8A276E0B240003B9EC /* Debug */,
				132A8D8B276E0B240003B9EC /* Release */,
			);
			defaultConfigurationIsVisible = 0;
			defaultConfigurationName = Release;
		};
/* End XCConfigurationList section */
	};
	rootObject = 132A8D6D276E0B220003B9EC /* Project object */;
}
